
Microsoft Visual Studio Solution File, Format Version 12.00
# Visual Studio Version 17
VisualStudioVersion = 17.13.35931.197 d17.13
MinimumVisualStudioVersion = 10.0.40219.1
Project("{FAE04EC0-301F-11D3-BF4B-00C04F79EFBC}") = "Lista1Ex11", "Lista1Ex11\Lista1Ex11.csproj", "{52CFFBD0-8F9F-48D8-96BD-DBD27F69C77B}"
EndProject
Global
	GlobalSection(SolutionConfigurationPlatforms) = preSolution
		Debug|Any CPU = Debug|Any CPU
		Release|Any CPU = Release|Any CPU
	EndGlobalSection
	GlobalSection(ProjectConfigurationPlatforms) = postSolution
		{52CFFBD0-8F9F-48D8-96BD-DBD27F69C77B}.Debug|Any CPU.ActiveCfg = Debug|Any CPU
		{52CFFBD0-8F9F-48D8-96BD-DBD27F69C77B}.Debug|Any CPU.Build.0 = Debug|Any CPU
		{52CFFBD0-8F9F-48D8-96BD-DBD27F69C77B}.Release|Any CPU.ActiveCfg = Release|Any CPU
		{52CFFBD0-8F9F-48D8-96BD-DBD27F69C77B}.Release|Any CPU.Build.0 = Release|Any CPU
	EndGlobalSection
	GlobalSection(SolutionProperties) = preSolution
		HideSolutionNode = FALSE
	EndGlobalSection
	GlobalSection(ExtensibilityGlobals) = postSolution
		SolutionGuid = {8D122982-B53B-4356-AE11-1AE10443738B}
	EndGlobalSection
EndGlobal
